dependencies:
- name: opentelemetry-operator
  repository: https://open-telemetry.github.io/opentelemetry-helm-charts
  version: 0.99.0
- name: promtail
  repository: https://grafana.github.io/helm-charts
  version: 6.17.1
digest: sha256:f6fe350403d5e392a024a3e636601252c9453143e8d1aa7c3ef38edef9e03c15
generated: "2026-01-28T07:48:28.186232758+01:00"
